
Microsoft Visual Studio Solution File, Format Version 12.00
# Visual Studio Version 16
VisualStudioVersion = 16.0.30907.101
MinimumVisualStudioVersion = 10.0.40219.1
Project("{FAE04EC0-301F-11D3-BF4B-00C04F79EFBC}") = "01Task", "MyExamProgrammingBasick\01Task.csproj", "{797BA5F3-D388-429A-BD6D-880B76605D2D}"
EndProject
Project("{FAE04EC0-301F-11D3-BF4B-00C04F79EFBC}") = "02Task", "02Task\02Task.csproj", "{281C4778-2CB9-46A0-8AD6-0BDFAF8D8490}"
EndProject
Project("{FAE04EC0-301F-11D3-BF4B-00C04F79EFBC}") = "03Task", "03Task\03Task.csproj", "{7DC72E31-31D6-441C-95EB-8CECAF4065D2}"
EndProject
Project("{FAE04EC0-301F-11D3-BF4B-00C04F79EFBC}") = "04Task", "04Task\04Task.csproj", "{ADFC970E-3706-435D-9A1E-CF600797E5D3}"
EndProject
Project("{FAE04EC0-301F-11D3-BF4B-00C04F79EFBC}") = "05Task", "05Taks\05Task.csproj", "{3A216743-D0CE-4E86-99EA-EAA53946E0E1}"
EndProject
Project("{FAE04EC0-301F-11D3-BF4B-00C04F79EFBC}") = "06Task", "06Task\06Task.csproj", "{43349CDE-D2A3-4F8C-8C53-769DAC5E7326}"
EndProject
Global
	GlobalSection(SolutionConfigurationPlatforms) = preSolution
		Debug|Any CPU = Debug|Any CPU
		Release|Any CPU = Release|Any CPU
	EndGlobalSection
	GlobalSection(ProjectConfigurationPlatforms) = postSolution
		{797BA5F3-D388-429A-BD6D-880B76605D2D}.Debug|Any CPU.ActiveCfg = Debug|Any CPU
		{797BA5F3-D388-429A-BD6D-880B76605D2D}.Debug|Any CPU.Build.0 = Debug|Any CPU
		{797BA5F3-D388-429A-BD6D-880B76605D2D}.Release|Any CPU.ActiveCfg = Release|Any CPU
		{797BA5F3-D388-429A-BD6D-880B76605D2D}.Release|Any CPU.Build.0 = Release|Any CPU
		{281C4778-2CB9-46A0-8AD6-0BDFAF8D8490}.Debug|Any CPU.ActiveCfg = Debug|Any CPU
		{281C4778-2CB9-46A0-8AD6-0BDFAF8D8490}.Debug|Any CPU.Build.0 = Debug|Any CPU
		{281C4778-2CB9-46A0-8AD6-0BDFAF8D8490}.Release|Any CPU.ActiveCfg = Release|Any CPU
		{281C4778-2CB9-46A0-8AD6-0BDFAF8D8490}.Release|Any CPU.Build.0 = Release|Any CPU
		{7DC72E31-31D6-441C-95EB-8CECAF4065D2}.Debug|Any CPU.ActiveCfg = Debug|Any CPU
		{7DC72E31-31D6-441C-95EB-8CECAF4065D2}.Debug|Any CPU.Build.0 = Debug|Any CPU
		{7DC72E31-31D6-441C-95EB-8CECAF4065D2}.Release|Any CPU.ActiveCfg = Release|Any CPU
		{7DC72E31-31D6-441C-95EB-8CECAF4065D2}.Release|Any CPU.Build.0 = Release|Any CPU
		{ADFC970E-3706-435D-9A1E-CF600797E5D3}.Debug|Any CPU.ActiveCfg = Debug|Any CPU
		{ADFC970E-3706-435D-9A1E-CF600797E5D3}.Debug|Any CPU.Build.0 = Debug|Any CPU
		{ADFC970E-3706-435D-9A1E-CF600797E5D3}.Release|Any CPU.ActiveCfg = Release|Any CPU
		{ADFC970E-3706-435D-9A1E-CF600797E5D3}.Release|Any CPU.Build.0 = Release|Any CPU
		{3A216743-D0CE-4E86-99EA-EAA53946E0E1}.Debug|Any CPU.ActiveCfg = Debug|Any CPU
		{3A216743-D0CE-4E86-99EA-EAA53946E0E1}.Debug|Any CPU.Build.0 = Debug|Any CPU
		{3A216743-D0CE-4E86-99EA-EAA53946E0E1}.Release|Any CPU.ActiveCfg = Release|Any CPU
		{3A216743-D0CE-4E86-99EA-EAA53946E0E1}.Release|Any CPU.Build.0 = Release|Any CPU
		{43349CDE-D2A3-4F8C-8C53-769DAC5E7326}.Debug|Any CPU.ActiveCfg = Debug|Any CPU
		{43349CDE-D2A3-4F8C-8C53-769DAC5E7326}.Debug|Any CPU.Build.0 = Debug|Any CPU
		{43349CDE-D2A3-4F8C-8C53-769DAC5E7326}.Release|Any CPU.ActiveCfg = Release|Any CPU
		{43349CDE-D2A3-4F8C-8C53-769DAC5E7326}.Release|Any CPU.Build.0 = Release|Any CPU
	EndGlobalSection
	GlobalSection(SolutionProperties) = preSolution
		HideSolutionNode = FALSE
	EndGlobalSection
	GlobalSection(ExtensibilityGlobals) = postSolution
		SolutionGuid = {5B09F872-5E90-4124-AB88-3170A14CCD8D}
	EndGlobalSection
EndGlobal
