
Microsoft Visual Studio Solution File, Format Version 12.00
# Visual Studio Version 17
VisualStudioVersion = 17.11.35222.181
MinimumVisualStudioVersion = 10.0.40219.1
Project("{FAE04EC0-301F-11D3-BF4B-00C04F79EFBC}") = "01.OddLines", "01.OddLines\01.OddLines.csproj", "{DC41A787-B1F8-4C84-9A17-6AB49A5A4143}"
EndProject
Project("{FAE04EC0-301F-11D3-BF4B-00C04F79EFBC}") = "02.LineNumbers", "02.LineNumbers\02.LineNumbers.csproj", "{7D5E4D6D-7EF7-44BF-A91C-0396CF2328EC}"
EndProject
Project("{FAE04EC0-301F-11D3-BF4B-00C04F79EFBC}") = "03.WordCount", "03.WordCount\03.WordCount.csproj", "{DE7BAA93-4534-46D6-BBA3-F52299B0D748}"
EndProject
Global
	GlobalSection(SolutionConfigurationPlatforms) = preSolution
		Debug|Any CPU = Debug|Any CPU
		Release|Any CPU = Release|Any CPU
	EndGlobalSection
	GlobalSection(ProjectConfigurationPlatforms) = postSolution
		{DC41A787-B1F8-4C84-9A17-6AB49A5A4143}.Debug|Any CPU.ActiveCfg = Debug|Any CPU
		{DC41A787-B1F8-4C84-9A17-6AB49A5A4143}.Debug|Any CPU.Build.0 = Debug|Any CPU
		{DC41A787-B1F8-4C84-9A17-6AB49A5A4143}.Release|Any CPU.ActiveCfg = Release|Any CPU
		{DC41A787-B1F8-4C84-9A17-6AB49A5A4143}.Release|Any CPU.Build.0 = Release|Any CPU
		{7D5E4D6D-7EF7-44BF-A91C-0396CF2328EC}.Debug|Any CPU.ActiveCfg = Debug|Any CPU
		{7D5E4D6D-7EF7-44BF-A91C-0396CF2328EC}.Debug|Any CPU.Build.0 = Debug|Any CPU
		{7D5E4D6D-7EF7-44BF-A91C-0396CF2328EC}.Release|Any CPU.ActiveCfg = Release|Any CPU
		{7D5E4D6D-7EF7-44BF-A91C-0396CF2328EC}.Release|Any CPU.Build.0 = Release|Any CPU
		{DE7BAA93-4534-46D6-BBA3-F52299B0D748}.Debug|Any CPU.ActiveCfg = Debug|Any CPU
		{DE7BAA93-4534-46D6-BBA3-F52299B0D748}.Debug|Any CPU.Build.0 = Debug|Any CPU
		{DE7BAA93-4534-46D6-BBA3-F52299B0D748}.Release|Any CPU.ActiveCfg = Release|Any CPU
		{DE7BAA93-4534-46D6-BBA3-F52299B0D748}.Release|Any CPU.Build.0 = Release|Any CPU
	EndGlobalSection
	GlobalSection(SolutionProperties) = preSolution
		HideSolutionNode = FALSE
	EndGlobalSection
	GlobalSection(ExtensibilityGlobals) = postSolution
		SolutionGuid = {29307B4F-9E1B-45BE-80D4-0CECCB3C245B}
	EndGlobalSection
EndGlobal
