
Microsoft Visual Studio Solution File, Format Version 12.00
# Visual Studio Version 16
VisualStudioVersion = 16.0.30907.101
MinimumVisualStudioVersion = 10.0.40219.1
Project("{9A19103F-16F7-4668-BE54-9A1E7A4F7556}") = "01.DayOfWeek", "Array\01.DayOfWeek.csproj", "{90C06542-24FF-4470-BAEA-05EBD909BE0F}"
EndProject
Project("{9A19103F-16F7-4668-BE54-9A1E7A4F7556}") = "HowToWorkArray", "dadada\HowToWorkArray.csproj", "{FA2738C9-5B6F-45F4-90E7-73918125361F}"
EndProject
Project("{9A19103F-16F7-4668-BE54-9A1E7A4F7556}") = "02.PrintNumbersInReverseOrder", "02.PrintNumbersInReverseOrder\02.PrintNumbersInReverseOrder.csproj", "{0C884B75-3DC5-4691-984F-B17A71A6F4F1}"
EndProject
Project("{9A19103F-16F7-4668-BE54-9A1E7A4F7556}") = "03.RoundingNumbers", "03.RoundingNumbers\03.RoundingNumbers.csproj", "{24E72CDE-3331-41E4-BDD7-505C66659890}"
EndProject
Project("{9A19103F-16F7-4668-BE54-9A1E7A4F7556}") = "04.ReverseArrayOfStrings", "04.ReverseArrayOfStrings\04.ReverseArrayOfStrings.csproj", "{B7C2B00F-A0D7-4C3E-8ABE-946EDBDDDE71}"
EndProject
Project("{9A19103F-16F7-4668-BE54-9A1E7A4F7556}") = "05.SumEvenNumbers", "05.SumEvenNumbers\05.SumEvenNumbers.csproj", "{41B1F363-C072-4E2B-8731-04CE40934A55}"
EndProject
Project("{9A19103F-16F7-4668-BE54-9A1E7A4F7556}") = "06.EvenAndOddSubtraction", "06.EvenAndOddSubtraction\06.EvenAndOddSubtraction.csproj", "{150D4CDD-CEE0-45A7-83AD-D09FB564E73A}"
EndProject
Project("{9A19103F-16F7-4668-BE54-9A1E7A4F7556}") = "07.EqualArrays", "07.EqualArrays\07.EqualArrays.csproj", "{AC0FDF98-509A-449A-8B3A-4C34ACE51E3D}"
EndProject
Project("{9A19103F-16F7-4668-BE54-9A1E7A4F7556}") = "08.CondenseArrayToNumber", "08.CondenseArrayToNumber\08.CondenseArrayToNumber.csproj", "{2008C15F-094E-47E2-84CF-EE953D1714B2}"
EndProject
Project("{FAE04EC0-301F-11D3-BF4B-00C04F79EFBC}") = "TestArray", "TestArray\TestArray.csproj", "{6205EC72-083F-4004-A668-F1E0EDE44A7F}"
EndProject
Global
	GlobalSection(SolutionConfigurationPlatforms) = preSolution
		Debug|Any CPU = Debug|Any CPU
		Release|Any CPU = Release|Any CPU
	EndGlobalSection
	GlobalSection(ProjectConfigurationPlatforms) = postSolution
		{90C06542-24FF-4470-BAEA-05EBD909BE0F}.Debug|Any CPU.ActiveCfg = Debug|Any CPU
		{90C06542-24FF-4470-BAEA-05EBD909BE0F}.Debug|Any CPU.Build.0 = Debug|Any CPU
		{90C06542-24FF-4470-BAEA-05EBD909BE0F}.Release|Any CPU.ActiveCfg = Release|Any CPU
		{90C06542-24FF-4470-BAEA-05EBD909BE0F}.Release|Any CPU.Build.0 = Release|Any CPU
		{FA2738C9-5B6F-45F4-90E7-73918125361F}.Debug|Any CPU.ActiveCfg = Debug|Any CPU
		{FA2738C9-5B6F-45F4-90E7-73918125361F}.Debug|Any CPU.Build.0 = Debug|Any CPU
		{FA2738C9-5B6F-45F4-90E7-73918125361F}.Release|Any CPU.ActiveCfg = Release|Any CPU
		{FA2738C9-5B6F-45F4-90E7-73918125361F}.Release|Any CPU.Build.0 = Release|Any CPU
		{0C884B75-3DC5-4691-984F-B17A71A6F4F1}.Debug|Any CPU.ActiveCfg = Debug|Any CPU
		{0C884B75-3DC5-4691-984F-B17A71A6F4F1}.Debug|Any CPU.Build.0 = Debug|Any CPU
		{0C884B75-3DC5-4691-984F-B17A71A6F4F1}.Release|Any CPU.ActiveCfg = Release|Any CPU
		{0C884B75-3DC5-4691-984F-B17A71A6F4F1}.Release|Any CPU.Build.0 = Release|Any CPU
		{24E72CDE-3331-41E4-BDD7-505C66659890}.Debug|Any CPU.ActiveCfg = Debug|Any CPU
		{24E72CDE-3331-41E4-BDD7-505C66659890}.Debug|Any CPU.Build.0 = Debug|Any CPU
		{24E72CDE-3331-41E4-BDD7-505C66659890}.Release|Any CPU.ActiveCfg = Release|Any CPU
		{24E72CDE-3331-41E4-BDD7-505C66659890}.Release|Any CPU.Build.0 = Release|Any CPU
		{B7C2B00F-A0D7-4C3E-8ABE-946EDBDDDE71}.Debug|Any CPU.ActiveCfg = Debug|Any CPU
		{B7C2B00F-A0D7-4C3E-8ABE-946EDBDDDE71}.Debug|Any CPU.Build.0 = Debug|Any CPU
		{B7C2B00F-A0D7-4C3E-8ABE-946EDBDDDE71}.Release|Any CPU.ActiveCfg = Release|Any CPU
		{B7C2B00F-A0D7-4C3E-8ABE-946EDBDDDE71}.Release|Any CPU.Build.0 = Release|Any CPU
		{41B1F363-C072-4E2B-8731-04CE40934A55}.Debug|Any CPU.ActiveCfg = Debug|Any CPU
		{41B1F363-C072-4E2B-8731-04CE40934A55}.Debug|Any CPU.Build.0 = Debug|Any CPU
		{41B1F363-C072-4E2B-8731-04CE40934A55}.Release|Any CPU.ActiveCfg = Release|Any CPU
		{41B1F363-C072-4E2B-8731-04CE40934A55}.Release|Any CPU.Build.0 = Release|Any CPU
		{150D4CDD-CEE0-45A7-83AD-D09FB564E73A}.Debug|Any CPU.ActiveCfg = Debug|Any CPU
		{150D4CDD-CEE0-45A7-83AD-D09FB564E73A}.Debug|Any CPU.Build.0 = Debug|Any CPU
		{150D4CDD-CEE0-45A7-83AD-D09FB564E73A}.Release|Any CPU.ActiveCfg = Release|Any CPU
		{150D4CDD-CEE0-45A7-83AD-D09FB564E73A}.Release|Any CPU.Build.0 = Release|Any CPU
		{AC0FDF98-509A-449A-8B3A-4C34ACE51E3D}.Debug|Any CPU.ActiveCfg = Debug|Any CPU
		{AC0FDF98-509A-449A-8B3A-4C34ACE51E3D}.Debug|Any CPU.Build.0 = Debug|Any CPU
		{AC0FDF98-509A-449A-8B3A-4C34ACE51E3D}.Release|Any CPU.ActiveCfg = Release|Any CPU
		{AC0FDF98-509A-449A-8B3A-4C34ACE51E3D}.Release|Any CPU.Build.0 = Release|Any CPU
		{2008C15F-094E-47E2-84CF-EE953D1714B2}.Debug|Any CPU.ActiveCfg = Debug|Any CPU
		{2008C15F-094E-47E2-84CF-EE953D1714B2}.Debug|Any CPU.Build.0 = Debug|Any CPU
		{2008C15F-094E-47E2-84CF-EE953D1714B2}.Release|Any CPU.ActiveCfg = Release|Any CPU
		{2008C15F-094E-47E2-84CF-EE953D1714B2}.Release|Any CPU.Build.0 = Release|Any CPU
		{6205EC72-083F-4004-A668-F1E0EDE44A7F}.Debug|Any CPU.ActiveCfg = Debug|Any CPU
		{6205EC72-083F-4004-A668-F1E0EDE44A7F}.Debug|Any CPU.Build.0 = Debug|Any CPU
		{6205EC72-083F-4004-A668-F1E0EDE44A7F}.Release|Any CPU.ActiveCfg = Release|Any CPU
		{6205EC72-083F-4004-A668-F1E0EDE44A7F}.Release|Any CPU.Build.0 = Release|Any CPU
	EndGlobalSection
	GlobalSection(SolutionProperties) = preSolution
		HideSolutionNode = FALSE
	EndGlobalSection
	GlobalSection(ExtensibilityGlobals) = postSolution
		SolutionGuid = {42647B2E-9A3C-4326-A859-072821FB53FD}
	EndGlobalSection
EndGlobal
