
Microsoft Visual Studio Solution File, Format Version 12.00
# Visual Studio Version 16
VisualStudioVersion = 16.0.31911.196
MinimumVisualStudioVersion = 10.0.40219.1
Project("{FAE04EC0-301F-11D3-BF4B-00C04F79EFBC}") = "HelloSoftUni", "HelloSoftUni\HelloSoftUni.csproj", "{28537002-920B-4A65-A373-FE7338565666}"
EndProject
Project("{FAE04EC0-301F-11D3-BF4B-00C04F79EFBC}") = "Nums1To10", "Nums1To10\Nums1To10.csproj", "{3923D315-3EA2-4D80-AD59-5945B05A05D8}"
EndProject
Project("{FAE04EC0-301F-11D3-BF4B-00C04F79EFBC}") = "RectangleArea", "RectangleArea\RectangleArea.csproj", "{EAE00F1A-D219-4109-9343-1ED3615F5789}"
EndProject
Project("{FAE04EC0-301F-11D3-BF4B-00C04F79EFBC}") = "InchesToCentimeters", "InchesToCentimeters\InchesToCentimeters.csproj", "{BB002270-8B4B-4BC0-B2A4-5758394ECFCF}"
EndProject
Project("{FAE04EC0-301F-11D3-BF4B-00C04F79EFBC}") = "GreetingByName", "GreetingByName\GreetingByName.csproj", "{AFC9EC75-7B55-4C47-B2D5-038969D8F4CB}"
EndProject
Project("{FAE04EC0-301F-11D3-BF4B-00C04F79EFBC}") = "ConcatenateData", "ConcatenateData\ConcatenateData.csproj", "{215217DF-CC8C-4C28-988D-BDA01B1340D5}"
EndProject
Project("{FAE04EC0-301F-11D3-BF4B-00C04F79EFBC}") = "ProjectsCreation", "ProjectsCreation\ProjectsCreation.csproj", "{F58BEF9D-279B-4CC5-97B5-DCB99263B516}"
EndProject
Project("{FAE04EC0-301F-11D3-BF4B-00C04F79EFBC}") = "PetShop", "PetShop\PetShop.csproj", "{C8C82947-B4E4-433D-9865-EAE9DE96DF75}"
EndProject
Project("{FAE04EC0-301F-11D3-BF4B-00C04F79EFBC}") = "YardGreening", "YardGreening\YardGreening.csproj", "{DABC1D6C-6323-469A-9947-3C513D847392}"
EndProject
Global
	GlobalSection(SolutionConfigurationPlatforms) = preSolution
		Debug|Any CPU = Debug|Any CPU
		Release|Any CPU = Release|Any CPU
	EndGlobalSection
	GlobalSection(ProjectConfigurationPlatforms) = postSolution
		{28537002-920B-4A65-A373-FE7338565666}.Debug|Any CPU.ActiveCfg = Debug|Any CPU
		{28537002-920B-4A65-A373-FE7338565666}.Debug|Any CPU.Build.0 = Debug|Any CPU
		{28537002-920B-4A65-A373-FE7338565666}.Release|Any CPU.ActiveCfg = Release|Any CPU
		{28537002-920B-4A65-A373-FE7338565666}.Release|Any CPU.Build.0 = Release|Any CPU
		{3923D315-3EA2-4D80-AD59-5945B05A05D8}.Debug|Any CPU.ActiveCfg = Debug|Any CPU
		{3923D315-3EA2-4D80-AD59-5945B05A05D8}.Debug|Any CPU.Build.0 = Debug|Any CPU
		{3923D315-3EA2-4D80-AD59-5945B05A05D8}.Release|Any CPU.ActiveCfg = Release|Any CPU
		{3923D315-3EA2-4D80-AD59-5945B05A05D8}.Release|Any CPU.Build.0 = Release|Any CPU
		{EAE00F1A-D219-4109-9343-1ED3615F5789}.Debug|Any CPU.ActiveCfg = Debug|Any CPU
		{EAE00F1A-D219-4109-9343-1ED3615F5789}.Debug|Any CPU.Build.0 = Debug|Any CPU
		{EAE00F1A-D219-4109-9343-1ED3615F5789}.Release|Any CPU.ActiveCfg = Release|Any CPU
		{EAE00F1A-D219-4109-9343-1ED3615F5789}.Release|Any CPU.Build.0 = Release|Any CPU
		{BB002270-8B4B-4BC0-B2A4-5758394ECFCF}.Debug|Any CPU.ActiveCfg = Debug|Any CPU
		{BB002270-8B4B-4BC0-B2A4-5758394ECFCF}.Debug|Any CPU.Build.0 = Debug|Any CPU
		{BB002270-8B4B-4BC0-B2A4-5758394ECFCF}.Release|Any CPU.ActiveCfg = Release|Any CPU
		{BB002270-8B4B-4BC0-B2A4-5758394ECFCF}.Release|Any CPU.Build.0 = Release|Any CPU
		{AFC9EC75-7B55-4C47-B2D5-038969D8F4CB}.Debug|Any CPU.ActiveCfg = Debug|Any CPU
		{AFC9EC75-7B55-4C47-B2D5-038969D8F4CB}.Debug|Any CPU.Build.0 = Debug|Any CPU
		{AFC9EC75-7B55-4C47-B2D5-038969D8F4CB}.Release|Any CPU.ActiveCfg = Release|Any CPU
		{AFC9EC75-7B55-4C47-B2D5-038969D8F4CB}.Release|Any CPU.Build.0 = Release|Any CPU
		{215217DF-CC8C-4C28-988D-BDA01B1340D5}.Debug|Any CPU.ActiveCfg = Debug|Any CPU
		{215217DF-CC8C-4C28-988D-BDA01B1340D5}.Debug|Any CPU.Build.0 = Debug|Any CPU
		{215217DF-CC8C-4C28-988D-BDA01B1340D5}.Release|Any CPU.ActiveCfg = Release|Any CPU
		{215217DF-CC8C-4C28-988D-BDA01B1340D5}.Release|Any CPU.Build.0 = Release|Any CPU
		{F58BEF9D-279B-4CC5-97B5-DCB99263B516}.Debug|Any CPU.ActiveCfg = Debug|Any CPU
		{F58BEF9D-279B-4CC5-97B5-DCB99263B516}.Debug|Any CPU.Build.0 = Debug|Any CPU
		{F58BEF9D-279B-4CC5-97B5-DCB99263B516}.Release|Any CPU.ActiveCfg = Release|Any CPU
		{F58BEF9D-279B-4CC5-97B5-DCB99263B516}.Release|Any CPU.Build.0 = Release|Any CPU
		{C8C82947-B4E4-433D-9865-EAE9DE96DF75}.Debug|Any CPU.ActiveCfg = Debug|Any CPU
		{C8C82947-B4E4-433D-9865-EAE9DE96DF75}.Debug|Any CPU.Build.0 = Debug|Any CPU
		{C8C82947-B4E4-433D-9865-EAE9DE96DF75}.Release|Any CPU.ActiveCfg = Release|Any CPU
		{C8C82947-B4E4-433D-9865-EAE9DE96DF75}.Release|Any CPU.Build.0 = Release|Any CPU
		{DABC1D6C-6323-469A-9947-3C513D847392}.Debug|Any CPU.ActiveCfg = Debug|Any CPU
		{DABC1D6C-6323-469A-9947-3C513D847392}.Debug|Any CPU.Build.0 = Debug|Any CPU
		{DABC1D6C-6323-469A-9947-3C513D847392}.Release|Any CPU.ActiveCfg = Release|Any CPU
		{DABC1D6C-6323-469A-9947-3C513D847392}.Release|Any CPU.Build.0 = Release|Any CPU
	EndGlobalSection
	GlobalSection(SolutionProperties) = preSolution
		HideSolutionNode = FALSE
	EndGlobalSection
	GlobalSection(ExtensibilityGlobals) = postSolution
		SolutionGuid = {3ADB663A-5F5E-44FE-90F3-A684464679E4}
	EndGlobalSection
EndGlobal
