
Microsoft Visual Studio Solution File, Format Version 12.00
# Visual Studio Version 17
VisualStudioVersion = 17.3.32901.215
MinimumVisualStudioVersion = 10.0.40219.1
Project("{FAE04EC0-301F-11D3-BF4B-00C04F79EFBC}") = "01.Train", "01.Train\01.Train.csproj", "{32419EAB-1B5E-4FDF-AC56-FE6CE18D6E22}"
EndProject
Project("{FAE04EC0-301F-11D3-BF4B-00C04F79EFBC}") = "02.CommonElements", "02.CommonElements\02.CommonElements.csproj", "{A4F2FFD4-8B13-42AD-98AB-64DF0C5F2A89}"
EndProject
Project("{FAE04EC0-301F-11D3-BF4B-00C04F79EFBC}") = "03.ZigZagArrays", "03.ZigZagArrays\03.ZigZagArrays.csproj", "{F0E1322E-2D13-4B8F-9BA0-A6E44B72F401}"
EndProject
Project("{FAE04EC0-301F-11D3-BF4B-00C04F79EFBC}") = "04.ArrayRotation", "04.ArrayRotation\04.ArrayRotation.csproj", "{F443525E-0D7F-45E4-A872-52C8F09CD70C}"
EndProject
Project("{FAE04EC0-301F-11D3-BF4B-00C04F79EFBC}") = "05.TopIntegers", "05.TopIntegers\05.TopIntegers.csproj", "{F13F9BBB-117C-4651-849D-DEE41C56CABE}"
EndProject
Global
	GlobalSection(SolutionConfigurationPlatforms) = preSolution
		Debug|Any CPU = Debug|Any CPU
		Release|Any CPU = Release|Any CPU
	EndGlobalSection
	GlobalSection(ProjectConfigurationPlatforms) = postSolution
		{32419EAB-1B5E-4FDF-AC56-FE6CE18D6E22}.Debug|Any CPU.ActiveCfg = Debug|Any CPU
		{32419EAB-1B5E-4FDF-AC56-FE6CE18D6E22}.Debug|Any CPU.Build.0 = Debug|Any CPU
		{32419EAB-1B5E-4FDF-AC56-FE6CE18D6E22}.Release|Any CPU.ActiveCfg = Release|Any CPU
		{32419EAB-1B5E-4FDF-AC56-FE6CE18D6E22}.Release|Any CPU.Build.0 = Release|Any CPU
		{A4F2FFD4-8B13-42AD-98AB-64DF0C5F2A89}.Debug|Any CPU.ActiveCfg = Debug|Any CPU
		{A4F2FFD4-8B13-42AD-98AB-64DF0C5F2A89}.Debug|Any CPU.Build.0 = Debug|Any CPU
		{A4F2FFD4-8B13-42AD-98AB-64DF0C5F2A89}.Release|Any CPU.ActiveCfg = Release|Any CPU
		{A4F2FFD4-8B13-42AD-98AB-64DF0C5F2A89}.Release|Any CPU.Build.0 = Release|Any CPU
		{F0E1322E-2D13-4B8F-9BA0-A6E44B72F401}.Debug|Any CPU.ActiveCfg = Debug|Any CPU
		{F0E1322E-2D13-4B8F-9BA0-A6E44B72F401}.Debug|Any CPU.Build.0 = Debug|Any CPU
		{F0E1322E-2D13-4B8F-9BA0-A6E44B72F401}.Release|Any CPU.ActiveCfg = Release|Any CPU
		{F0E1322E-2D13-4B8F-9BA0-A6E44B72F401}.Release|Any CPU.Build.0 = Release|Any CPU
		{F443525E-0D7F-45E4-A872-52C8F09CD70C}.Debug|Any CPU.ActiveCfg = Debug|Any CPU
		{F443525E-0D7F-45E4-A872-52C8F09CD70C}.Debug|Any CPU.Build.0 = Debug|Any CPU
		{F443525E-0D7F-45E4-A872-52C8F09CD70C}.Release|Any CPU.ActiveCfg = Release|Any CPU
		{F443525E-0D7F-45E4-A872-52C8F09CD70C}.Release|Any CPU.Build.0 = Release|Any CPU
		{F13F9BBB-117C-4651-849D-DEE41C56CABE}.Debug|Any CPU.ActiveCfg = Debug|Any CPU
		{F13F9BBB-117C-4651-849D-DEE41C56CABE}.Debug|Any CPU.Build.0 = Debug|Any CPU
		{F13F9BBB-117C-4651-849D-DEE41C56CABE}.Release|Any CPU.ActiveCfg = Release|Any CPU
		{F13F9BBB-117C-4651-849D-DEE41C56CABE}.Release|Any CPU.Build.0 = Release|Any CPU
	EndGlobalSection
	GlobalSection(SolutionProperties) = preSolution
		HideSolutionNode = FALSE
	EndGlobalSection
	GlobalSection(ExtensibilityGlobals) = postSolution
		SolutionGuid = {19E68A10-C8D2-4E1B-B4B9-9C5FAA4E2408}
	EndGlobalSection
EndGlobal
