
Microsoft Visual Studio Solution File, Format Version 12.00
# Visual Studio Version 16
VisualStudioVersion = 16.0.30907.101
MinimumVisualStudioVersion = 10.0.40219.1
Project("{9A19103F-16F7-4668-BE54-9A1E7A4F7556}") = "1DayOfWeek", "PbConditionalAdvans\1DayOfWeek.csproj", "{C5FC0CF1-CCB2-477A-80FE-EC90DA8A51E1}"
EndProject
Project("{9A19103F-16F7-4668-BE54-9A1E7A4F7556}") = "2.WeekendOrWorkingDay", "2.WeekendOrWorkingDay\2.WeekendOrWorkingDay.csproj", "{3A32F1A5-61B0-413D-BFDE-AA5DF9068147}"
EndProject
Project("{9A19103F-16F7-4668-BE54-9A1E7A4F7556}") = "3AnimalType", "3AnimalType\3AnimalType.csproj", "{8B2532FE-BE3A-4FA8-9F99-7250054DF83B}"
EndProject
Project("{9A19103F-16F7-4668-BE54-9A1E7A4F7556}") = "4PersonalTitles", "4PersonalTitles\4PersonalTitles.csproj", "{EDDABFF6-38CB-4B7C-8476-AA50ECAA7BF8}"
EndProject
Project("{9A19103F-16F7-4668-BE54-9A1E7A4F7556}") = "5SmallShop", "5SmallShop\5SmallShop.csproj", "{E72B82D8-B8B5-4BA2-B534-71CD8F58A9F7}"
EndProject
Project("{9A19103F-16F7-4668-BE54-9A1E7A4F7556}") = "6WorkingHours", "WorkingHours\6WorkingHours.csproj", "{5C2E5F03-A634-41A0-8BB2-6D62E59DE641}"
EndProject
Project("{9A19103F-16F7-4668-BE54-9A1E7A4F7556}") = "7NumberInRange", "7NumberInRange\7NumberInRange.csproj", "{5051CD0F-C73E-41C5-89DA-6E4AD2A4E623}"
EndProject
Project("{9A19103F-16F7-4668-BE54-9A1E7A4F7556}") = "8CinemaTicket", "8CinemaTicket\8CinemaTicket.csproj", "{849F1AE0-E1DB-4A86-BFFD-E1C392DE6A7E}"
EndProject
Project("{9A19103F-16F7-4668-BE54-9A1E7A4F7556}") = "9FruitOrVegetable", "9FruitOrVegetable\9FruitOrVegetable.csproj", "{490DC47B-64AD-42A1-BAA7-34178A4A4AC7}"
EndProject
Project("{9A19103F-16F7-4668-BE54-9A1E7A4F7556}") = "10InvalidNumber", "10InvalidNumber\10InvalidNumber.csproj", "{E124B166-B3B7-4AC1-8B23-9FBB001C9995}"
EndProject
Project("{9A19103F-16F7-4668-BE54-9A1E7A4F7556}") = "11FruitShop", "11. Fruit Shop\11FruitShop.csproj", "{ED0B5CB1-989A-493E-B570-63BEF216B907}"
EndProject
Project("{9A19103F-16F7-4668-BE54-9A1E7A4F7556}") = "12TradеCommissions", "12TradеCommissions\12TradеCommissions.csproj", "{FE3BA2E3-8152-453B-A844-7D97C9ACD168}"
EndProject
Project("{FAE04EC0-301F-11D3-BF4B-00C04F79EFBC}") = "11SkiTrip", "11SkiTrip\11SkiTrip.csproj", "{D587148F-F868-43E4-B948-854A4B3F55B6}"
EndProject
Global
	GlobalSection(SolutionConfigurationPlatforms) = preSolution
		Debug|Any CPU = Debug|Any CPU
		Release|Any CPU = Release|Any CPU
	EndGlobalSection
	GlobalSection(ProjectConfigurationPlatforms) = postSolution
		{C5FC0CF1-CCB2-477A-80FE-EC90DA8A51E1}.Debug|Any CPU.ActiveCfg = Debug|Any CPU
		{C5FC0CF1-CCB2-477A-80FE-EC90DA8A51E1}.Debug|Any CPU.Build.0 = Debug|Any CPU
		{C5FC0CF1-CCB2-477A-80FE-EC90DA8A51E1}.Release|Any CPU.ActiveCfg = Release|Any CPU
		{C5FC0CF1-CCB2-477A-80FE-EC90DA8A51E1}.Release|Any CPU.Build.0 = Release|Any CPU
		{3A32F1A5-61B0-413D-BFDE-AA5DF9068147}.Debug|Any CPU.ActiveCfg = Debug|Any CPU
		{3A32F1A5-61B0-413D-BFDE-AA5DF9068147}.Debug|Any CPU.Build.0 = Debug|Any CPU
		{3A32F1A5-61B0-413D-BFDE-AA5DF9068147}.Release|Any CPU.ActiveCfg = Release|Any CPU
		{3A32F1A5-61B0-413D-BFDE-AA5DF9068147}.Release|Any CPU.Build.0 = Release|Any CPU
		{8B2532FE-BE3A-4FA8-9F99-7250054DF83B}.Debug|Any CPU.ActiveCfg = Debug|Any CPU
		{8B2532FE-BE3A-4FA8-9F99-7250054DF83B}.Debug|Any CPU.Build.0 = Debug|Any CPU
		{8B2532FE-BE3A-4FA8-9F99-7250054DF83B}.Release|Any CPU.ActiveCfg = Release|Any CPU
		{8B2532FE-BE3A-4FA8-9F99-7250054DF83B}.Release|Any CPU.Build.0 = Release|Any CPU
		{EDDABFF6-38CB-4B7C-8476-AA50ECAA7BF8}.Debug|Any CPU.ActiveCfg = Debug|Any CPU
		{EDDABFF6-38CB-4B7C-8476-AA50ECAA7BF8}.Debug|Any CPU.Build.0 = Debug|Any CPU
		{EDDABFF6-38CB-4B7C-8476-AA50ECAA7BF8}.Release|Any CPU.ActiveCfg = Release|Any CPU
		{EDDABFF6-38CB-4B7C-8476-AA50ECAA7BF8}.Release|Any CPU.Build.0 = Release|Any CPU
		{E72B82D8-B8B5-4BA2-B534-71CD8F58A9F7}.Debug|Any CPU.ActiveCfg = Debug|Any CPU
		{E72B82D8-B8B5-4BA2-B534-71CD8F58A9F7}.Debug|Any CPU.Build.0 = Debug|Any CPU
		{E72B82D8-B8B5-4BA2-B534-71CD8F58A9F7}.Release|Any CPU.ActiveCfg = Release|Any CPU
		{E72B82D8-B8B5-4BA2-B534-71CD8F58A9F7}.Release|Any CPU.Build.0 = Release|Any CPU
		{5C2E5F03-A634-41A0-8BB2-6D62E59DE641}.Debug|Any CPU.ActiveCfg = Debug|Any CPU
		{5C2E5F03-A634-41A0-8BB2-6D62E59DE641}.Debug|Any CPU.Build.0 = Debug|Any CPU
		{5C2E5F03-A634-41A0-8BB2-6D62E59DE641}.Release|Any CPU.ActiveCfg = Release|Any CPU
		{5C2E5F03-A634-41A0-8BB2-6D62E59DE641}.Release|Any CPU.Build.0 = Release|Any CPU
		{5051CD0F-C73E-41C5-89DA-6E4AD2A4E623}.Debug|Any CPU.ActiveCfg = Debug|Any CPU
		{5051CD0F-C73E-41C5-89DA-6E4AD2A4E623}.Debug|Any CPU.Build.0 = Debug|Any CPU
		{5051CD0F-C73E-41C5-89DA-6E4AD2A4E623}.Release|Any CPU.ActiveCfg = Release|Any CPU
		{5051CD0F-C73E-41C5-89DA-6E4AD2A4E623}.Release|Any CPU.Build.0 = Release|Any CPU
		{849F1AE0-E1DB-4A86-BFFD-E1C392DE6A7E}.Debug|Any CPU.ActiveCfg = Debug|Any CPU
		{849F1AE0-E1DB-4A86-BFFD-E1C392DE6A7E}.Debug|Any CPU.Build.0 = Debug|Any CPU
		{849F1AE0-E1DB-4A86-BFFD-E1C392DE6A7E}.Release|Any CPU.ActiveCfg = Release|Any CPU
		{849F1AE0-E1DB-4A86-BFFD-E1C392DE6A7E}.Release|Any CPU.Build.0 = Release|Any CPU
		{490DC47B-64AD-42A1-BAA7-34178A4A4AC7}.Debug|Any CPU.ActiveCfg = Debug|Any CPU
		{490DC47B-64AD-42A1-BAA7-34178A4A4AC7}.Debug|Any CPU.Build.0 = Debug|Any CPU
		{490DC47B-64AD-42A1-BAA7-34178A4A4AC7}.Release|Any CPU.ActiveCfg = Release|Any CPU
		{490DC47B-64AD-42A1-BAA7-34178A4A4AC7}.Release|Any CPU.Build.0 = Release|Any CPU
		{E124B166-B3B7-4AC1-8B23-9FBB001C9995}.Debug|Any CPU.ActiveCfg = Debug|Any CPU
		{E124B166-B3B7-4AC1-8B23-9FBB001C9995}.Debug|Any CPU.Build.0 = Debug|Any CPU
		{E124B166-B3B7-4AC1-8B23-9FBB001C9995}.Release|Any CPU.ActiveCfg = Release|Any CPU
		{E124B166-B3B7-4AC1-8B23-9FBB001C9995}.Release|Any CPU.Build.0 = Release|Any CPU
		{ED0B5CB1-989A-493E-B570-63BEF216B907}.Debug|Any CPU.ActiveCfg = Debug|Any CPU
		{ED0B5CB1-989A-493E-B570-63BEF216B907}.Debug|Any CPU.Build.0 = Debug|Any CPU
		{ED0B5CB1-989A-493E-B570-63BEF216B907}.Release|Any CPU.ActiveCfg = Release|Any CPU
		{ED0B5CB1-989A-493E-B570-63BEF216B907}.Release|Any CPU.Build.0 = Release|Any CPU
		{FE3BA2E3-8152-453B-A844-7D97C9ACD168}.Debug|Any CPU.ActiveCfg = Debug|Any CPU
		{FE3BA2E3-8152-453B-A844-7D97C9ACD168}.Debug|Any CPU.Build.0 = Debug|Any CPU
		{FE3BA2E3-8152-453B-A844-7D97C9ACD168}.Release|Any CPU.ActiveCfg = Release|Any CPU
		{FE3BA2E3-8152-453B-A844-7D97C9ACD168}.Release|Any CPU.Build.0 = Release|Any CPU
		{D587148F-F868-43E4-B948-854A4B3F55B6}.Debug|Any CPU.ActiveCfg = Debug|Any CPU
		{D587148F-F868-43E4-B948-854A4B3F55B6}.Debug|Any CPU.Build.0 = Debug|Any CPU
		{D587148F-F868-43E4-B948-854A4B3F55B6}.Release|Any CPU.ActiveCfg = Release|Any CPU
		{D587148F-F868-43E4-B948-854A4B3F55B6}.Release|Any CPU.Build.0 = Release|Any CPU
	EndGlobalSection
	GlobalSection(SolutionProperties) = preSolution
		HideSolutionNode = FALSE
	EndGlobalSection
	GlobalSection(ExtensibilityGlobals) = postSolution
		SolutionGuid = {6F6E630A-8213-46D7-90B8-96EBD98DEAD8}
	EndGlobalSection
EndGlobal
