
Microsoft Visual Studio Solution File, Format Version 12.00
# Visual Studio Version 16
VisualStudioVersion = 16.0.30907.101
MinimumVisualStudioVersion = 10.0.40219.1
Project("{9A19103F-16F7-4668-BE54-9A1E7A4F7556}") = "01.USDtoBGN", "01.USDtoBGN\01.USDtoBGN.csproj", "{667A25AC-7E16-48F3-A147-72370413BEA0}"
EndProject
Project("{9A19103F-16F7-4668-BE54-9A1E7A4F7556}") = "02.RadiansToDegrees", "02.RadiansToDegrees\02.RadiansToDegrees.csproj", "{7B438BEE-EBC8-49D7-ADE8-9A8E34422182}"
EndProject
Project("{9A19103F-16F7-4668-BE54-9A1E7A4F7556}") = "03.DepositCalculator", "03.DepositCalculator\03.DepositCalculator.csproj", "{238BAAEA-8A2A-4EEF-8A09-F85090058384}"
EndProject
Project("{9A19103F-16F7-4668-BE54-9A1E7A4F7556}") = "04.VacationBooksList", "04.VacationBooksList\04.VacationBooksList.csproj", "{482F930B-FFFD-469E-AD29-0E96E06D2B9D}"
EndProject
Project("{9A19103F-16F7-4668-BE54-9A1E7A4F7556}") = "05. Birthday party", "05. Birthday party\05. Birthday party.csproj", "{933204D2-B3BC-44F9-81BA-A8402583B088}"
EndProject
Project("{9A19103F-16F7-4668-BE54-9A1E7A4F7556}") = "06. Charity Campaign", "06. Charity Campaign\06. Charity Campaign.csproj", "{B09D7BE7-2E32-4F27-95B7-6F4C1441EFA3}"
EndProject
Project("{9A19103F-16F7-4668-BE54-9A1E7A4F7556}") = "07. FruitMarket", "07. FruitMarket\07. FruitMarket.csproj", "{A3A7D378-8F4D-48CB-A5A5-B3482A8D215D}"
EndProject
Project("{9A19103F-16F7-4668-BE54-9A1E7A4F7556}") = "08. Fish Tank", "08. Fish Tank\08. Fish Tank.csproj", "{B6527970-9916-4092-9BDC-0CC2829F807E}"
EndProject
Project("{9A19103F-16F7-4668-BE54-9A1E7A4F7556}") = "fishtanks", "fishtanks\fishtanks.csproj", "{75FF0F07-88C2-4FD7-926C-BDBD02C5C470}"
EndProject
Global
	GlobalSection(SolutionConfigurationPlatforms) = preSolution
		Debug|Any CPU = Debug|Any CPU
		Release|Any CPU = Release|Any CPU
	EndGlobalSection
	GlobalSection(ProjectConfigurationPlatforms) = postSolution
		{667A25AC-7E16-48F3-A147-72370413BEA0}.Debug|Any CPU.ActiveCfg = Debug|Any CPU
		{667A25AC-7E16-48F3-A147-72370413BEA0}.Debug|Any CPU.Build.0 = Debug|Any CPU
		{667A25AC-7E16-48F3-A147-72370413BEA0}.Release|Any CPU.ActiveCfg = Release|Any CPU
		{667A25AC-7E16-48F3-A147-72370413BEA0}.Release|Any CPU.Build.0 = Release|Any CPU
		{7B438BEE-EBC8-49D7-ADE8-9A8E34422182}.Debug|Any CPU.ActiveCfg = Debug|Any CPU
		{7B438BEE-EBC8-49D7-ADE8-9A8E34422182}.Debug|Any CPU.Build.0 = Debug|Any CPU
		{7B438BEE-EBC8-49D7-ADE8-9A8E34422182}.Release|Any CPU.ActiveCfg = Release|Any CPU
		{7B438BEE-EBC8-49D7-ADE8-9A8E34422182}.Release|Any CPU.Build.0 = Release|Any CPU
		{238BAAEA-8A2A-4EEF-8A09-F85090058384}.Debug|Any CPU.ActiveCfg = Debug|Any CPU
		{238BAAEA-8A2A-4EEF-8A09-F85090058384}.Debug|Any CPU.Build.0 = Debug|Any CPU
		{238BAAEA-8A2A-4EEF-8A09-F85090058384}.Release|Any CPU.ActiveCfg = Release|Any CPU
		{238BAAEA-8A2A-4EEF-8A09-F85090058384}.Release|Any CPU.Build.0 = Release|Any CPU
		{482F930B-FFFD-469E-AD29-0E96E06D2B9D}.Debug|Any CPU.ActiveCfg = Debug|Any CPU
		{482F930B-FFFD-469E-AD29-0E96E06D2B9D}.Debug|Any CPU.Build.0 = Debug|Any CPU
		{482F930B-FFFD-469E-AD29-0E96E06D2B9D}.Release|Any CPU.ActiveCfg = Release|Any CPU
		{482F930B-FFFD-469E-AD29-0E96E06D2B9D}.Release|Any CPU.Build.0 = Release|Any CPU
		{933204D2-B3BC-44F9-81BA-A8402583B088}.Debug|Any CPU.ActiveCfg = Debug|Any CPU
		{933204D2-B3BC-44F9-81BA-A8402583B088}.Debug|Any CPU.Build.0 = Debug|Any CPU
		{933204D2-B3BC-44F9-81BA-A8402583B088}.Release|Any CPU.ActiveCfg = Release|Any CPU
		{933204D2-B3BC-44F9-81BA-A8402583B088}.Release|Any CPU.Build.0 = Release|Any CPU
		{B09D7BE7-2E32-4F27-95B7-6F4C1441EFA3}.Debug|Any CPU.ActiveCfg = Debug|Any CPU
		{B09D7BE7-2E32-4F27-95B7-6F4C1441EFA3}.Debug|Any CPU.Build.0 = Debug|Any CPU
		{B09D7BE7-2E32-4F27-95B7-6F4C1441EFA3}.Release|Any CPU.ActiveCfg = Release|Any CPU
		{B09D7BE7-2E32-4F27-95B7-6F4C1441EFA3}.Release|Any CPU.Build.0 = Release|Any CPU
		{A3A7D378-8F4D-48CB-A5A5-B3482A8D215D}.Debug|Any CPU.ActiveCfg = Debug|Any CPU
		{A3A7D378-8F4D-48CB-A5A5-B3482A8D215D}.Debug|Any CPU.Build.0 = Debug|Any CPU
		{A3A7D378-8F4D-48CB-A5A5-B3482A8D215D}.Release|Any CPU.ActiveCfg = Release|Any CPU
		{A3A7D378-8F4D-48CB-A5A5-B3482A8D215D}.Release|Any CPU.Build.0 = Release|Any CPU
		{B6527970-9916-4092-9BDC-0CC2829F807E}.Debug|Any CPU.ActiveCfg = Debug|Any CPU
		{B6527970-9916-4092-9BDC-0CC2829F807E}.Debug|Any CPU.Build.0 = Debug|Any CPU
		{B6527970-9916-4092-9BDC-0CC2829F807E}.Release|Any CPU.ActiveCfg = Release|Any CPU
		{B6527970-9916-4092-9BDC-0CC2829F807E}.Release|Any CPU.Build.0 = Release|Any CPU
		{75FF0F07-88C2-4FD7-926C-BDBD02C5C470}.Debug|Any CPU.ActiveCfg = Debug|Any CPU
		{75FF0F07-88C2-4FD7-926C-BDBD02C5C470}.Debug|Any CPU.Build.0 = Debug|Any CPU
		{75FF0F07-88C2-4FD7-926C-BDBD02C5C470}.Release|Any CPU.ActiveCfg = Release|Any CPU
		{75FF0F07-88C2-4FD7-926C-BDBD02C5C470}.Release|Any CPU.Build.0 = Release|Any CPU
	EndGlobalSection
	GlobalSection(SolutionProperties) = preSolution
		HideSolutionNode = FALSE
	EndGlobalSection
	GlobalSection(ExtensibilityGlobals) = postSolution
		SolutionGuid = {D1EFE032-8D46-425A-8FF5-08AE3BD96ADF}
	EndGlobalSection
EndGlobal
