
Microsoft Visual Studio Solution File, Format Version 12.00
# Visual Studio Version 16
VisualStudioVersion = 16.0.30907.101
MinimumVisualStudioVersion = 10.0.40219.1
Project("{9A19103F-16F7-4668-BE54-9A1E7A4F7556}") = "01. ExcellentResult", "01. Excellent Result\01. ExcellentResult.csproj", "{B620C5C4-7437-496F-A7A5-FF1F6D5C1C48}"
EndProject
Project("{9A19103F-16F7-4668-BE54-9A1E7A4F7556}") = "02. GreaterNumber", "02. Greater Number\02. GreaterNumber.csproj", "{A797C7ED-9A0C-40F3-B646-1324B681F36B}"
EndProject
Project("{9A19103F-16F7-4668-BE54-9A1E7A4F7556}") = "03. EvenOrOdd", "03. Even or Odd\03. EvenOrOdd.csproj", "{FD4B2B56-72F4-403C-B8D7-5D4BDD280CA5}"
EndProject
Project("{9A19103F-16F7-4668-BE54-9A1E7A4F7556}") = "04. Number100to200", "04. Number 100.200\04. Number100to200.csproj", "{6B0ACC7C-ABFE-4E87-8DE8-C88DD6FFBC19}"
EndProject
Project("{9A19103F-16F7-4668-BE54-9A1E7A4F7556}") = "05. PasswordGuess", "05. Password Guess\05. PasswordGuess.csproj", "{4D8E058C-C17B-429C-9B7E-38CF96609D77}"
EndProject
Project("{9A19103F-16F7-4668-BE54-9A1E7A4F7556}") = "06. Area of Figures", "06. Area of Figures\06. Area of Figures.csproj", "{FA1E581D-7EF8-47D5-9046-DDC8C2A0E7B0}"
EndProject
Project("{9A19103F-16F7-4668-BE54-9A1E7A4F7556}") = "07. Toy Shop", "07. Toy Shop\07. Toy Shop.csproj", "{377D5E94-FBE8-4DAE-BDFE-11CCB1FBD37C}"
EndProject
Global
	GlobalSection(SolutionConfigurationPlatforms) = preSolution
		Debug|Any CPU = Debug|Any CPU
		Release|Any CPU = Release|Any CPU
	EndGlobalSection
	GlobalSection(ProjectConfigurationPlatforms) = postSolution
		{B620C5C4-7437-496F-A7A5-FF1F6D5C1C48}.Debug|Any CPU.ActiveCfg = Debug|Any CPU
		{B620C5C4-7437-496F-A7A5-FF1F6D5C1C48}.Debug|Any CPU.Build.0 = Debug|Any CPU
		{B620C5C4-7437-496F-A7A5-FF1F6D5C1C48}.Release|Any CPU.ActiveCfg = Release|Any CPU
		{B620C5C4-7437-496F-A7A5-FF1F6D5C1C48}.Release|Any CPU.Build.0 = Release|Any CPU
		{A797C7ED-9A0C-40F3-B646-1324B681F36B}.Debug|Any CPU.ActiveCfg = Debug|Any CPU
		{A797C7ED-9A0C-40F3-B646-1324B681F36B}.Debug|Any CPU.Build.0 = Debug|Any CPU
		{A797C7ED-9A0C-40F3-B646-1324B681F36B}.Release|Any CPU.ActiveCfg = Release|Any CPU
		{A797C7ED-9A0C-40F3-B646-1324B681F36B}.Release|Any CPU.Build.0 = Release|Any CPU
		{FD4B2B56-72F4-403C-B8D7-5D4BDD280CA5}.Debug|Any CPU.ActiveCfg = Debug|Any CPU
		{FD4B2B56-72F4-403C-B8D7-5D4BDD280CA5}.Debug|Any CPU.Build.0 = Debug|Any CPU
		{FD4B2B56-72F4-403C-B8D7-5D4BDD280CA5}.Release|Any CPU.ActiveCfg = Release|Any CPU
		{FD4B2B56-72F4-403C-B8D7-5D4BDD280CA5}.Release|Any CPU.Build.0 = Release|Any CPU
		{6B0ACC7C-ABFE-4E87-8DE8-C88DD6FFBC19}.Debug|Any CPU.ActiveCfg = Debug|Any CPU
		{6B0ACC7C-ABFE-4E87-8DE8-C88DD6FFBC19}.Debug|Any CPU.Build.0 = Debug|Any CPU
		{6B0ACC7C-ABFE-4E87-8DE8-C88DD6FFBC19}.Release|Any CPU.ActiveCfg = Release|Any CPU
		{6B0ACC7C-ABFE-4E87-8DE8-C88DD6FFBC19}.Release|Any CPU.Build.0 = Release|Any CPU
		{4D8E058C-C17B-429C-9B7E-38CF96609D77}.Debug|Any CPU.ActiveCfg = Debug|Any CPU
		{4D8E058C-C17B-429C-9B7E-38CF96609D77}.Debug|Any CPU.Build.0 = Debug|Any CPU
		{4D8E058C-C17B-429C-9B7E-38CF96609D77}.Release|Any CPU.ActiveCfg = Release|Any CPU
		{4D8E058C-C17B-429C-9B7E-38CF96609D77}.Release|Any CPU.Build.0 = Release|Any CPU
		{FA1E581D-7EF8-47D5-9046-DDC8C2A0E7B0}.Debug|Any CPU.ActiveCfg = Debug|Any CPU
		{FA1E581D-7EF8-47D5-9046-DDC8C2A0E7B0}.Debug|Any CPU.Build.0 = Debug|Any CPU
		{FA1E581D-7EF8-47D5-9046-DDC8C2A0E7B0}.Release|Any CPU.ActiveCfg = Release|Any CPU
		{FA1E581D-7EF8-47D5-9046-DDC8C2A0E7B0}.Release|Any CPU.Build.0 = Release|Any CPU
		{377D5E94-FBE8-4DAE-BDFE-11CCB1FBD37C}.Debug|Any CPU.ActiveCfg = Debug|Any CPU
		{377D5E94-FBE8-4DAE-BDFE-11CCB1FBD37C}.Debug|Any CPU.Build.0 = Debug|Any CPU
		{377D5E94-FBE8-4DAE-BDFE-11CCB1FBD37C}.Release|Any CPU.ActiveCfg = Release|Any CPU
		{377D5E94-FBE8-4DAE-BDFE-11CCB1FBD37C}.Release|Any CPU.Build.0 = Release|Any CPU
	EndGlobalSection
	GlobalSection(SolutionProperties) = preSolution
		HideSolutionNode = FALSE
	EndGlobalSection
	GlobalSection(ExtensibilityGlobals) = postSolution
		SolutionGuid = {600DFD8B-FDDA-4CA1-A19D-3FBA434296B9}
	EndGlobalSection
EndGlobal
