
Microsoft Visual Studio Solution File, Format Version 12.00
# Visual Studio Version 17
VisualStudioVersion = 17.3.32901.215
MinimumVisualStudioVersion = 10.0.40219.1
Project("{FAE04EC0-301F-11D3-BF4B-00C04F79EFBC}") = "01.Age", "01.Age\01.Age.csproj", "{C6ECBDCB-347E-43DB-B499-02CEAE1F9DEA}"
EndProject
Project("{FAE04EC0-301F-11D3-BF4B-00C04F79EFBC}") = "02.Division", "02.Division\02.Division.csproj", "{19200C23-F967-46E2-BB86-E954CE783824}"
EndProject
Project("{FAE04EC0-301F-11D3-BF4B-00C04F79EFBC}") = "03.Vacation", "03.Vacation\03.Vacation.csproj", "{FF359CA7-0944-4219-8816-9DC0C978F657}"
EndProject
Project("{FAE04EC0-301F-11D3-BF4B-00C04F79EFBC}") = "04.PrintAndSum", "04.PrintAndSum\04.PrintAndSum.csproj", "{E32D162B-49CB-4337-8396-CA8E3E882763}"
EndProject
Project("{FAE04EC0-301F-11D3-BF4B-00C04F79EFBC}") = "05.Login", "05.Login\05.Login.csproj", "{E6691374-CFC4-4613-A749-F7EFE75BAA9B}"
EndProject
Project("{FAE04EC0-301F-11D3-BF4B-00C04F79EFBC}") = "06.StrongNumber", "06. StrongNumber\06.StrongNumber.csproj", "{309C99D0-C749-4C25-A073-AD36B5E6BB58}"
EndProject
Project("{FAE04EC0-301F-11D3-BF4B-00C04F79EFBC}") = "07.VendingMachine", "07.VendingMachine\07.VendingMachine.csproj", "{647FDDB8-6BC4-415A-B6E6-0CF68D9D604A}"
EndProject
Project("{FAE04EC0-301F-11D3-BF4B-00C04F79EFBC}") = "08.TriangleOfNumbers", "08.TriangleOfNumbers\08.TriangleOfNumbers.csproj", "{3C17C7DF-BE6F-4C8E-8AF5-50BBC5C50DCB}"
EndProject
Project("{FAE04EC0-301F-11D3-BF4B-00C04F79EFBC}") = "09.PadawanEquipment", "09.PadawanEquipment\09.PadawanEquipment.csproj", "{BC2AC558-0E96-448B-A95A-4C20E338DCFD}"
EndProject
Project("{FAE04EC0-301F-11D3-BF4B-00C04F79EFBC}") = "10.RageExpenses", "10.RageExpenses\10.RageExpenses.csproj", "{04B139D2-E14F-4D53-8108-B7DEDF29E898}"
EndProject
Global
	GlobalSection(SolutionConfigurationPlatforms) = preSolution
		Debug|Any CPU = Debug|Any CPU
		Release|Any CPU = Release|Any CPU
	EndGlobalSection
	GlobalSection(ProjectConfigurationPlatforms) = postSolution
		{C6ECBDCB-347E-43DB-B499-02CEAE1F9DEA}.Debug|Any CPU.ActiveCfg = Debug|Any CPU
		{C6ECBDCB-347E-43DB-B499-02CEAE1F9DEA}.Debug|Any CPU.Build.0 = Debug|Any CPU
		{C6ECBDCB-347E-43DB-B499-02CEAE1F9DEA}.Release|Any CPU.ActiveCfg = Release|Any CPU
		{C6ECBDCB-347E-43DB-B499-02CEAE1F9DEA}.Release|Any CPU.Build.0 = Release|Any CPU
		{19200C23-F967-46E2-BB86-E954CE783824}.Debug|Any CPU.ActiveCfg = Debug|Any CPU
		{19200C23-F967-46E2-BB86-E954CE783824}.Debug|Any CPU.Build.0 = Debug|Any CPU
		{19200C23-F967-46E2-BB86-E954CE783824}.Release|Any CPU.ActiveCfg = Release|Any CPU
		{19200C23-F967-46E2-BB86-E954CE783824}.Release|Any CPU.Build.0 = Release|Any CPU
		{FF359CA7-0944-4219-8816-9DC0C978F657}.Debug|Any CPU.ActiveCfg = Debug|Any CPU
		{FF359CA7-0944-4219-8816-9DC0C978F657}.Debug|Any CPU.Build.0 = Debug|Any CPU
		{FF359CA7-0944-4219-8816-9DC0C978F657}.Release|Any CPU.ActiveCfg = Release|Any CPU
		{FF359CA7-0944-4219-8816-9DC0C978F657}.Release|Any CPU.Build.0 = Release|Any CPU
		{E32D162B-49CB-4337-8396-CA8E3E882763}.Debug|Any CPU.ActiveCfg = Debug|Any CPU
		{E32D162B-49CB-4337-8396-CA8E3E882763}.Debug|Any CPU.Build.0 = Debug|Any CPU
		{E32D162B-49CB-4337-8396-CA8E3E882763}.Release|Any CPU.ActiveCfg = Release|Any CPU
		{E32D162B-49CB-4337-8396-CA8E3E882763}.Release|Any CPU.Build.0 = Release|Any CPU
		{E6691374-CFC4-4613-A749-F7EFE75BAA9B}.Debug|Any CPU.ActiveCfg = Debug|Any CPU
		{E6691374-CFC4-4613-A749-F7EFE75BAA9B}.Debug|Any CPU.Build.0 = Debug|Any CPU
		{E6691374-CFC4-4613-A749-F7EFE75BAA9B}.Release|Any CPU.ActiveCfg = Release|Any CPU
		{E6691374-CFC4-4613-A749-F7EFE75BAA9B}.Release|Any CPU.Build.0 = Release|Any CPU
		{309C99D0-C749-4C25-A073-AD36B5E6BB58}.Debug|Any CPU.ActiveCfg = Debug|Any CPU
		{309C99D0-C749-4C25-A073-AD36B5E6BB58}.Debug|Any CPU.Build.0 = Debug|Any CPU
		{309C99D0-C749-4C25-A073-AD36B5E6BB58}.Release|Any CPU.ActiveCfg = Release|Any CPU
		{309C99D0-C749-4C25-A073-AD36B5E6BB58}.Release|Any CPU.Build.0 = Release|Any CPU
		{647FDDB8-6BC4-415A-B6E6-0CF68D9D604A}.Debug|Any CPU.ActiveCfg = Debug|Any CPU
		{647FDDB8-6BC4-415A-B6E6-0CF68D9D604A}.Debug|Any CPU.Build.0 = Debug|Any CPU
		{647FDDB8-6BC4-415A-B6E6-0CF68D9D604A}.Release|Any CPU.ActiveCfg = Release|Any CPU
		{647FDDB8-6BC4-415A-B6E6-0CF68D9D604A}.Release|Any CPU.Build.0 = Release|Any CPU
		{3C17C7DF-BE6F-4C8E-8AF5-50BBC5C50DCB}.Debug|Any CPU.ActiveCfg = Debug|Any CPU
		{3C17C7DF-BE6F-4C8E-8AF5-50BBC5C50DCB}.Debug|Any CPU.Build.0 = Debug|Any CPU
		{3C17C7DF-BE6F-4C8E-8AF5-50BBC5C50DCB}.Release|Any CPU.ActiveCfg = Release|Any CPU
		{3C17C7DF-BE6F-4C8E-8AF5-50BBC5C50DCB}.Release|Any CPU.Build.0 = Release|Any CPU
		{BC2AC558-0E96-448B-A95A-4C20E338DCFD}.Debug|Any CPU.ActiveCfg = Debug|Any CPU
		{BC2AC558-0E96-448B-A95A-4C20E338DCFD}.Debug|Any CPU.Build.0 = Debug|Any CPU
		{BC2AC558-0E96-448B-A95A-4C20E338DCFD}.Release|Any CPU.ActiveCfg = Release|Any CPU
		{BC2AC558-0E96-448B-A95A-4C20E338DCFD}.Release|Any CPU.Build.0 = Release|Any CPU
		{04B139D2-E14F-4D53-8108-B7DEDF29E898}.Debug|Any CPU.ActiveCfg = Debug|Any CPU
		{04B139D2-E14F-4D53-8108-B7DEDF29E898}.Debug|Any CPU.Build.0 = Debug|Any CPU
		{04B139D2-E14F-4D53-8108-B7DEDF29E898}.Release|Any CPU.ActiveCfg = Release|Any CPU
		{04B139D2-E14F-4D53-8108-B7DEDF29E898}.Release|Any CPU.Build.0 = Release|Any CPU
	EndGlobalSection
	GlobalSection(SolutionProperties) = preSolution
		HideSolutionNode = FALSE
	EndGlobalSection
	GlobalSection(ExtensibilityGlobals) = postSolution
		SolutionGuid = {083FCCB0-E0ED-465A-9D02-DD33EF30C712}
	EndGlobalSection
EndGlobal
