
Microsoft Visual Studio Solution File, Format Version 12.00
# Visual Studio Version 17
VisualStudioVersion = 17.3.32901.215
MinimumVisualStudioVersion = 10.0.40219.1
Project("{FAE04EC0-301F-11D3-BF4B-00C04F79EFBC}") = "SingleInheritance", "SingleInheritance\SingleInheritance.csproj", "{6610AC2F-3CB3-446A-9606-8E31A2F05310}"
EndProject
Project("{FAE04EC0-301F-11D3-BF4B-00C04F79EFBC}") = "MultipleInheritance", "MultipleInheritance\MultipleInheritance.csproj", "{C34C3A7D-2384-431E-ABC4-6F93C4C69F9F}"
EndProject
Project("{FAE04EC0-301F-11D3-BF4B-00C04F79EFBC}") = "HierarchicalInheritance", "HierarchicalInheritance\HierarchicalInheritance.csproj", "{4928BFEC-83CD-443D-B958-9631267B64D7}"
EndProject
Project("{FAE04EC0-301F-11D3-BF4B-00C04F79EFBC}") = "RandomList", "RandomList\RandomList.csproj", "{0B4C665B-4F81-4655-9506-98070495B0CA}"
EndProject
Project("{FAE04EC0-301F-11D3-BF4B-00C04F79EFBC}") = "StackOfStrings", "StackOfStrings\StackOfStrings.csproj", "{D1977737-FA68-4F35-AD6A-F3565A964D51}"
EndProject
Global
	GlobalSection(SolutionConfigurationPlatforms) = preSolution
		Debug|Any CPU = Debug|Any CPU
		Release|Any CPU = Release|Any CPU
	EndGlobalSection
	GlobalSection(ProjectConfigurationPlatforms) = postSolution
		{6610AC2F-3CB3-446A-9606-8E31A2F05310}.Debug|Any CPU.ActiveCfg = Debug|Any CPU
		{6610AC2F-3CB3-446A-9606-8E31A2F05310}.Debug|Any CPU.Build.0 = Debug|Any CPU
		{6610AC2F-3CB3-446A-9606-8E31A2F05310}.Release|Any CPU.ActiveCfg = Release|Any CPU
		{6610AC2F-3CB3-446A-9606-8E31A2F05310}.Release|Any CPU.Build.0 = Release|Any CPU
		{C34C3A7D-2384-431E-ABC4-6F93C4C69F9F}.Debug|Any CPU.ActiveCfg = Debug|Any CPU
		{C34C3A7D-2384-431E-ABC4-6F93C4C69F9F}.Debug|Any CPU.Build.0 = Debug|Any CPU
		{C34C3A7D-2384-431E-ABC4-6F93C4C69F9F}.Release|Any CPU.ActiveCfg = Release|Any CPU
		{C34C3A7D-2384-431E-ABC4-6F93C4C69F9F}.Release|Any CPU.Build.0 = Release|Any CPU
		{4928BFEC-83CD-443D-B958-9631267B64D7}.Debug|Any CPU.ActiveCfg = Debug|Any CPU
		{4928BFEC-83CD-443D-B958-9631267B64D7}.Debug|Any CPU.Build.0 = Debug|Any CPU
		{4928BFEC-83CD-443D-B958-9631267B64D7}.Release|Any CPU.ActiveCfg = Release|Any CPU
		{4928BFEC-83CD-443D-B958-9631267B64D7}.Release|Any CPU.Build.0 = Release|Any CPU
		{0B4C665B-4F81-4655-9506-98070495B0CA}.Debug|Any CPU.ActiveCfg = Debug|Any CPU
		{0B4C665B-4F81-4655-9506-98070495B0CA}.Debug|Any CPU.Build.0 = Debug|Any CPU
		{0B4C665B-4F81-4655-9506-98070495B0CA}.Release|Any CPU.ActiveCfg = Release|Any CPU
		{0B4C665B-4F81-4655-9506-98070495B0CA}.Release|Any CPU.Build.0 = Release|Any CPU
		{D1977737-FA68-4F35-AD6A-F3565A964D51}.Debug|Any CPU.ActiveCfg = Debug|Any CPU
		{D1977737-FA68-4F35-AD6A-F3565A964D51}.Debug|Any CPU.Build.0 = Debug|Any CPU
		{D1977737-FA68-4F35-AD6A-F3565A964D51}.Release|Any CPU.ActiveCfg = Release|Any CPU
		{D1977737-FA68-4F35-AD6A-F3565A964D51}.Release|Any CPU.Build.0 = Release|Any CPU
	EndGlobalSection
	GlobalSection(SolutionProperties) = preSolution
		HideSolutionNode = FALSE
	EndGlobalSection
	GlobalSection(ExtensibilityGlobals) = postSolution
		SolutionGuid = {DFC835A4-6A9B-4C5C-B3A3-075E0818AE96}
	EndGlobalSection
EndGlobal
