
Microsoft Visual Studio Solution File, Format Version 12.00
# Visual Studio Version 16
VisualStudioVersion = 16.0.30907.101
MinimumVisualStudioVersion = 10.0.40219.1
Project("{9A19103F-16F7-4668-BE54-9A1E7A4F7556}") = "01Cinema", "PbConditionalStatmentAdvance\01Cinema.csproj", "{2E85C9A0-4E6B-409F-BB81-80B910764B8E}"
EndProject
Project("{9A19103F-16F7-4668-BE54-9A1E7A4F7556}") = "02Summer Outfit", "02Summer Outfit\02Summer Outfit.csproj", "{66D45EA7-4A23-4A11-A767-863115DBF482}"
EndProject
Project("{9A19103F-16F7-4668-BE54-9A1E7A4F7556}") = "03NewHouse", "03NewHouse\03NewHouse.csproj", "{D009E40D-D296-4A9F-8328-FED6F832CBE1}"
EndProject
Project("{9A19103F-16F7-4668-BE54-9A1E7A4F7556}") = "04FishingBoat", "04FishingBoat\04FishingBoat.csproj", "{D115F4FB-312C-4488-BAC1-6C6093A8CD33}"
EndProject
Project("{9A19103F-16F7-4668-BE54-9A1E7A4F7556}") = "05Journey", "05Journey\05Journey.csproj", "{7AA97A00-9B07-4F88-8BAB-60CD1A36CDEB}"
EndProject
Project("{9A19103F-16F7-4668-BE54-9A1E7A4F7556}") = "06OperationsBetweenNumbers", "OperationsBetweenNumbers\06OperationsBetweenNumbers.csproj", "{9CE6A03D-B9AB-4A5A-B290-BBC381A466BA}"
EndProject
Project("{9A19103F-16F7-4668-BE54-9A1E7A4F7556}") = "07HotelRoom", "HotelRoom\07HotelRoom.csproj", "{C5B1D6EF-DB93-4906-B677-B1289074599A}"
EndProject
Project("{9A19103F-16F7-4668-BE54-9A1E7A4F7556}") = "08OnTimeForTheExam", "08OnTimeForTheExam\08OnTimeForTheExam.csproj", "{A8868AE0-CC18-468B-8337-D8B32354CC2F}"
EndProject
Project("{FAE04EC0-301F-11D3-BF4B-00C04F79EFBC}") = "09Volleybal", "09Volleybal\09Volleybal.csproj", "{8F05EB6D-62A8-47E2-B752-134CA4A66EAA}"
EndProject
Global
	GlobalSection(SolutionConfigurationPlatforms) = preSolution
		Debug|Any CPU = Debug|Any CPU
		Release|Any CPU = Release|Any CPU
	EndGlobalSection
	GlobalSection(ProjectConfigurationPlatforms) = postSolution
		{2E85C9A0-4E6B-409F-BB81-80B910764B8E}.Debug|Any CPU.ActiveCfg = Debug|Any CPU
		{2E85C9A0-4E6B-409F-BB81-80B910764B8E}.Debug|Any CPU.Build.0 = Debug|Any CPU
		{2E85C9A0-4E6B-409F-BB81-80B910764B8E}.Release|Any CPU.ActiveCfg = Release|Any CPU
		{2E85C9A0-4E6B-409F-BB81-80B910764B8E}.Release|Any CPU.Build.0 = Release|Any CPU
		{66D45EA7-4A23-4A11-A767-863115DBF482}.Debug|Any CPU.ActiveCfg = Debug|Any CPU
		{66D45EA7-4A23-4A11-A767-863115DBF482}.Debug|Any CPU.Build.0 = Debug|Any CPU
		{66D45EA7-4A23-4A11-A767-863115DBF482}.Release|Any CPU.ActiveCfg = Release|Any CPU
		{66D45EA7-4A23-4A11-A767-863115DBF482}.Release|Any CPU.Build.0 = Release|Any CPU
		{D009E40D-D296-4A9F-8328-FED6F832CBE1}.Debug|Any CPU.ActiveCfg = Debug|Any CPU
		{D009E40D-D296-4A9F-8328-FED6F832CBE1}.Debug|Any CPU.Build.0 = Debug|Any CPU
		{D009E40D-D296-4A9F-8328-FED6F832CBE1}.Release|Any CPU.ActiveCfg = Release|Any CPU
		{D009E40D-D296-4A9F-8328-FED6F832CBE1}.Release|Any CPU.Build.0 = Release|Any CPU
		{D115F4FB-312C-4488-BAC1-6C6093A8CD33}.Debug|Any CPU.ActiveCfg = Debug|Any CPU
		{D115F4FB-312C-4488-BAC1-6C6093A8CD33}.Debug|Any CPU.Build.0 = Debug|Any CPU
		{D115F4FB-312C-4488-BAC1-6C6093A8CD33}.Release|Any CPU.ActiveCfg = Release|Any CPU
		{D115F4FB-312C-4488-BAC1-6C6093A8CD33}.Release|Any CPU.Build.0 = Release|Any CPU
		{7AA97A00-9B07-4F88-8BAB-60CD1A36CDEB}.Debug|Any CPU.ActiveCfg = Debug|Any CPU
		{7AA97A00-9B07-4F88-8BAB-60CD1A36CDEB}.Debug|Any CPU.Build.0 = Debug|Any CPU
		{7AA97A00-9B07-4F88-8BAB-60CD1A36CDEB}.Release|Any CPU.ActiveCfg = Release|Any CPU
		{7AA97A00-9B07-4F88-8BAB-60CD1A36CDEB}.Release|Any CPU.Build.0 = Release|Any CPU
		{9CE6A03D-B9AB-4A5A-B290-BBC381A466BA}.Debug|Any CPU.ActiveCfg = Debug|Any CPU
		{9CE6A03D-B9AB-4A5A-B290-BBC381A466BA}.Debug|Any CPU.Build.0 = Debug|Any CPU
		{9CE6A03D-B9AB-4A5A-B290-BBC381A466BA}.Release|Any CPU.ActiveCfg = Release|Any CPU
		{9CE6A03D-B9AB-4A5A-B290-BBC381A466BA}.Release|Any CPU.Build.0 = Release|Any CPU
		{C5B1D6EF-DB93-4906-B677-B1289074599A}.Debug|Any CPU.ActiveCfg = Debug|Any CPU
		{C5B1D6EF-DB93-4906-B677-B1289074599A}.Debug|Any CPU.Build.0 = Debug|Any CPU
		{C5B1D6EF-DB93-4906-B677-B1289074599A}.Release|Any CPU.ActiveCfg = Release|Any CPU
		{C5B1D6EF-DB93-4906-B677-B1289074599A}.Release|Any CPU.Build.0 = Release|Any CPU
		{A8868AE0-CC18-468B-8337-D8B32354CC2F}.Debug|Any CPU.ActiveCfg = Debug|Any CPU
		{A8868AE0-CC18-468B-8337-D8B32354CC2F}.Debug|Any CPU.Build.0 = Debug|Any CPU
		{A8868AE0-CC18-468B-8337-D8B32354CC2F}.Release|Any CPU.ActiveCfg = Release|Any CPU
		{A8868AE0-CC18-468B-8337-D8B32354CC2F}.Release|Any CPU.Build.0 = Release|Any CPU
		{8F05EB6D-62A8-47E2-B752-134CA4A66EAA}.Debug|Any CPU.ActiveCfg = Debug|Any CPU
		{8F05EB6D-62A8-47E2-B752-134CA4A66EAA}.Debug|Any CPU.Build.0 = Debug|Any CPU
		{8F05EB6D-62A8-47E2-B752-134CA4A66EAA}.Release|Any CPU.ActiveCfg = Release|Any CPU
		{8F05EB6D-62A8-47E2-B752-134CA4A66EAA}.Release|Any CPU.Build.0 = Release|Any CPU
	EndGlobalSection
	GlobalSection(SolutionProperties) = preSolution
		HideSolutionNode = FALSE
	EndGlobalSection
	GlobalSection(ExtensibilityGlobals) = postSolution
		SolutionGuid = {02A9A6CE-17F5-4E62-A570-942136EBB669}
	EndGlobalSection
EndGlobal
