
Microsoft Visual Studio Solution File, Format Version 12.00
# Visual Studio Version 17
VisualStudioVersion = 17.3.32901.215
MinimumVisualStudioVersion = 10.0.40219.1
Project("{FAE04EC0-301F-11D3-BF4B-00C04F79EFBC}") = "HouseRentingSystem", "HouseRentingSystem\HouseRentingSystem.csproj", "{78B53453-9D35-4F0D-9BA5-249EFBA020E2}"
EndProject
Project("{FAE04EC0-301F-11D3-BF4B-00C04F79EFBC}") = "HouseRentingSystem.Infrastructure", "HouseRentingSystem.Infrastructure\HouseRentingSystem.Infrastructure.csproj", "{2B1968BE-7356-49F4-B99B-1320B982F7D0}"
EndProject
Project("{FAE04EC0-301F-11D3-BF4B-00C04F79EFBC}") = "HouseRentingSystem.Core", "HouseRentingSystem.Core\HouseRentingSystem.Core.csproj", "{2A5F3FFD-076A-45FF-A46D-22DF01AD22CA}"
EndProject
Global
	GlobalSection(SolutionConfigurationPlatforms) = preSolution
		Debug|Any CPU = Debug|Any CPU
		Release|Any CPU = Release|Any CPU
	EndGlobalSection
	GlobalSection(ProjectConfigurationPlatforms) = postSolution
		{78B53453-9D35-4F0D-9BA5-249EFBA020E2}.Debug|Any CPU.ActiveCfg = Debug|Any CPU
		{78B53453-9D35-4F0D-9BA5-249EFBA020E2}.Debug|Any CPU.Build.0 = Debug|Any CPU
		{78B53453-9D35-4F0D-9BA5-249EFBA020E2}.Release|Any CPU.ActiveCfg = Release|Any CPU
		{78B53453-9D35-4F0D-9BA5-249EFBA020E2}.Release|Any CPU.Build.0 = Release|Any CPU
		{2B1968BE-7356-49F4-B99B-1320B982F7D0}.Debug|Any CPU.ActiveCfg = Debug|Any CPU
		{2B1968BE-7356-49F4-B99B-1320B982F7D0}.Debug|Any CPU.Build.0 = Debug|Any CPU
		{2B1968BE-7356-49F4-B99B-1320B982F7D0}.Release|Any CPU.ActiveCfg = Release|Any CPU
		{2B1968BE-7356-49F4-B99B-1320B982F7D0}.Release|Any CPU.Build.0 = Release|Any CPU
		{2A5F3FFD-076A-45FF-A46D-22DF01AD22CA}.Debug|Any CPU.ActiveCfg = Debug|Any CPU
		{2A5F3FFD-076A-45FF-A46D-22DF01AD22CA}.Debug|Any CPU.Build.0 = Debug|Any CPU
		{2A5F3FFD-076A-45FF-A46D-22DF01AD22CA}.Release|Any CPU.ActiveCfg = Release|Any CPU
		{2A5F3FFD-076A-45FF-A46D-22DF01AD22CA}.Release|Any CPU.Build.0 = Release|Any CPU
	EndGlobalSection
	GlobalSection(SolutionProperties) = preSolution
		HideSolutionNode = FALSE
	EndGlobalSection
	GlobalSection(ExtensibilityGlobals) = postSolution
		SolutionGuid = {7E88D3AE-1348-45FA-BDFB-4137A96D007E}
	EndGlobalSection
EndGlobal
